
Microsoft Visual Studio Solution File, Format Version 12.00
# Visual Studio Version 17
VisualStudioVersion = 17.9.34728.123
MinimumVisualStudioVersion = 10.0.40219.1
Project("{FAE04EC0-301F-11D3-BF4B-00C04F79EFBC}") = "WebAPI", "WebAPI.csproj", "{D68BB2A4-3C37-4E26-934A-A1CB2B345EDE}"
EndProject
Global
	GlobalSection(SolutionConfigurationPlatforms) = preSolution
		Debug|Any CPU = Debug|Any CPU
		Release|Any CPU = Release|Any CPU
	EndGlobalSection
	GlobalSection(ProjectConfigurationPlatforms) = postSolution
		{D68BB2A4-3C37-4E26-934A-A1CB2B345EDE}.Debug|Any CPU.ActiveCfg = Debug|Any CPU
		{D68BB2A4-3C37-4E26-934A-A1CB2B345EDE}.Debug|Any CPU.Build.0 = Debug|Any CPU
		{D68BB2A4-3C37-4E26-934A-A1CB2B345EDE}.Release|Any CPU.ActiveCfg = Release|Any CPU
		{D68BB2A4-3C37-4E26-934A-A1CB2B345EDE}.Release|Any CPU.Build.0 = Release|Any CPU
	EndGlobalSection
	GlobalSection(SolutionProperties) = preSolution
		HideSolutionNode = FALSE
	EndGlobalSection
	GlobalSection(ExtensibilityGlobals) = postSolution
		SolutionGuid = {698ADA70-9F3F-4116-BC40-3722C124F84F}
	EndGlobalSection
EndGlobal
